
Microsoft Visual Studio Solution File, Format Version 12.00
# Visual Studio Version 17
VisualStudioVersion = 17.10.34916.146
MinimumVisualStudioVersion = 10.0.40219.1
Project("{9A19103F-16F7-4668-BE54-9A1E7A4F7556}") = "Tic-tac-toe", "Tic-tac-toe\Tic-tac-toe.csproj", "{4B59B07E-7972-4FBE-A6FD-BD7A0A2C39E0}"
EndProject
Global
	GlobalSection(SolutionConfigurationPlatforms) = preSolution
		Debug|Any CPU = Debug|Any CPU
		Release|Any CPU = Release|Any CPU
	EndGlobalSection
	GlobalSection(ProjectConfigurationPlatforms) = postSolution
		{4B59B07E-7972-4FBE-A6FD-BD7A0A2C39E0}.Debug|Any CPU.ActiveCfg = Debug|Any CPU
		{4B59B07E-7972-4FBE-A6FD-BD7A0A2C39E0}.Debug|Any CPU.Build.0 = Debug|Any CPU
		{4B59B07E-7972-4FBE-A6FD-BD7A0A2C39E0}.Release|Any CPU.ActiveCfg = Release|Any CPU
		{4B59B07E-7972-4FBE-A6FD-BD7A0A2C39E0}.Release|Any CPU.Build.0 = Release|Any CPU
	EndGlobalSection
	GlobalSection(SolutionProperties) = preSolution
		HideSolutionNode = FALSE
	EndGlobalSection
	GlobalSection(ExtensibilityGlobals) = postSolution
		SolutionGuid = {54F2C37A-4045-4498-84E2-0E558454A61C}
	EndGlobalSection
EndGlobal
